
Microsoft Visual Studio Solution File, Format Version 12.00
# Visual Studio 15
VisualStudioVersion = 15.0.28307.705
MinimumVisualStudioVersion = 10.0.40219.1
Project("{9A19103F-16F7-4668-BE54-9A1E7A4F7556}") = "mymlapp", "mymlapp\mymlapp.csproj", "{2C7D6130-F74D-4DF7-BC07-2F5B3BA04490}"
EndProject
Project("{9A19103F-16F7-4668-BE54-9A1E7A4F7556}") = "mymlappML.Model", "mymlappML.Model\mymlappML.Model.csproj", "{DFC5767E-605E-4D8B-81FF-EC28580F8602}"
EndProject
Project("{9A19103F-16F7-4668-BE54-9A1E7A4F7556}") = "mymlappML.ConsoleApp", "mymlappML.ConsoleApp\mymlappML.ConsoleApp.csproj", "{7CDEA464-7ADD-4FEE-AB74-5B1324674E6F}"
EndProject
Global
	GlobalSection(SolutionConfigurationPlatforms) = preSolution
		Debug|Any CPU = Debug|Any CPU
		Release|Any CPU = Release|Any CPU
	EndGlobalSection
	GlobalSection(ProjectConfigurationPlatforms) = postSolution
		{2C7D6130-F74D-4DF7-BC07-2F5B3BA04490}.Debug|Any CPU.ActiveCfg = Debug|Any CPU
		{2C7D6130-F74D-4DF7-BC07-2F5B3BA04490}.Debug|Any CPU.Build.0 = Debug|Any CPU
		{2C7D6130-F74D-4DF7-BC07-2F5B3BA04490}.Release|Any CPU.ActiveCfg = Release|Any CPU
		{2C7D6130-F74D-4DF7-BC07-2F5B3BA04490}.Release|Any CPU.Build.0 = Release|Any CPU
		{DFC5767E-605E-4D8B-81FF-EC28580F8602}.Debug|Any CPU.ActiveCfg = Debug|Any CPU
		{DFC5767E-605E-4D8B-81FF-EC28580F8602}.Debug|Any CPU.Build.0 = Debug|Any CPU
		{DFC5767E-605E-4D8B-81FF-EC28580F8602}.Release|Any CPU.ActiveCfg = Release|Any CPU
		{DFC5767E-605E-4D8B-81FF-EC28580F8602}.Release|Any CPU.Build.0 = Release|Any CPU
		{7CDEA464-7ADD-4FEE-AB74-5B1324674E6F}.Debug|Any CPU.ActiveCfg = Debug|Any CPU
		{7CDEA464-7ADD-4FEE-AB74-5B1324674E6F}.Debug|Any CPU.Build.0 = Debug|Any CPU
		{7CDEA464-7ADD-4FEE-AB74-5B1324674E6F}.Release|Any CPU.ActiveCfg = Release|Any CPU
		{7CDEA464-7ADD-4FEE-AB74-5B1324674E6F}.Release|Any CPU.Build.0 = Release|Any CPU
	EndGlobalSection
	GlobalSection(SolutionProperties) = preSolution
		HideSolutionNode = FALSE
	EndGlobalSection
	GlobalSection(ExtensibilityGlobals) = postSolution
		SolutionGuid = {FA897108-A761-470B-937D-B9B51B984867}
	EndGlobalSection
EndGlobal
